
Microsoft Visual Studio Solution File, Format Version 12.00
# Visual Studio Version 16
VisualStudioVersion = 16.0.30523.141
MinimumVisualStudioVersion = 10.0.40219.1
Project("{9A19103F-16F7-4668-BE54-9A1E7A4F7556}") = "Blogs", "Blogs.csproj", "{74647D97-E0E3-4E2C-815C-92C25613E4D6}"
EndProject
Global
	GlobalSection(SolutionConfigurationPlatforms) = preSolution
		Debug|Any CPU = Debug|Any CPU
		Release|Any CPU = Release|Any CPU
	EndGlobalSection
	GlobalSection(ProjectConfigurationPlatforms) = postSolution
		{74647D97-E0E3-4E2C-815C-92C25613E4D6}.Debug|Any CPU.ActiveCfg = Debug|Any CPU
		{74647D97-E0E3-4E2C-815C-92C25613E4D6}.Debug|Any CPU.Build.0 = Debug|Any CPU
		{74647D97-E0E3-4E2C-815C-92C25613E4D6}.Release|Any CPU.ActiveCfg = Release|Any CPU
		{74647D97-E0E3-4E2C-815C-92C25613E4D6}.Release|Any CPU.Build.0 = Release|Any CPU
	EndGlobalSection
	GlobalSection(SolutionProperties) = preSolution
		HideSolutionNode = FALSE
	EndGlobalSection
	GlobalSection(ExtensibilityGlobals) = postSolution
		SolutionGuid = {BA8C86F4-85F2-40CC-B542-52A0863FF547}
	EndGlobalSection
EndGlobal
